
Microsoft Visual Studio Solution File, Format Version 12.00
# Visual Studio Version 16
VisualStudioVersion = 16.0.31005.135
MinimumVisualStudioVersion = 10.0.40219.1
Project("{FAE04EC0-301F-11D3-BF4B-00C04F79EFBC}") = "ControlVee.DesignPattern.Behavioral.Observer", "ControlVee.DesignPattern.Behavioral.Observer\ControlVee.DesignPattern.Behavioral.Observer.csproj", "{71776F4D-298F-47D8-9CE3-E62C1355ED83}"
EndProject
Global
	GlobalSection(SolutionConfigurationPlatforms) = preSolution
		Debug|Any CPU = Debug|Any CPU
		Release|Any CPU = Release|Any CPU
	EndGlobalSection
	GlobalSection(ProjectConfigurationPlatforms) = postSolution
		{71776F4D-298F-47D8-9CE3-E62C1355ED83}.Debug|Any CPU.ActiveCfg = Debug|Any CPU
		{71776F4D-298F-47D8-9CE3-E62C1355ED83}.Debug|Any CPU.Build.0 = Debug|Any CPU
		{71776F4D-298F-47D8-9CE3-E62C1355ED83}.Release|Any CPU.ActiveCfg = Release|Any CPU
		{71776F4D-298F-47D8-9CE3-E62C1355ED83}.Release|Any CPU.Build.0 = Release|Any CPU
	EndGlobalSection
	GlobalSection(SolutionProperties) = preSolution
		HideSolutionNode = FALSE
	EndGlobalSection
	GlobalSection(ExtensibilityGlobals) = postSolution
		SolutionGuid = {8B85788C-53E4-4715-9821-372DA8FD5FBE}
	EndGlobalSection
EndGlobal
